
Microsoft Visual Studio Solution File, Format Version 12.00
# Visual Studio Version 16
VisualStudioVersion = 16.0.29123.88
MinimumVisualStudioVersion = 10.0.40219.1
Project("{FAE04EC0-301F-11D3-BF4B-00C04F79EFBC}") = "Costos por órdenes de producción", "Costos por órdenes de producción\Costos por órdenes de producción.csproj", "{DD9A9019-3ABD-48BB-A098-37B0FF86E05C}"
EndProject
Global
	GlobalSection(SolutionConfigurationPlatforms) = preSolution
		Debug|Any CPU = Debug|Any CPU
		Release|Any CPU = Release|Any CPU
	EndGlobalSection
	GlobalSection(ProjectConfigurationPlatforms) = postSolution
		{DD9A9019-3ABD-48BB-A098-37B0FF86E05C}.Debug|Any CPU.ActiveCfg = Debug|Any CPU
		{DD9A9019-3ABD-48BB-A098-37B0FF86E05C}.Debug|Any CPU.Build.0 = Debug|Any CPU
		{DD9A9019-3ABD-48BB-A098-37B0FF86E05C}.Release|Any CPU.ActiveCfg = Release|Any CPU
		{DD9A9019-3ABD-48BB-A098-37B0FF86E05C}.Release|Any CPU.Build.0 = Release|Any CPU
	EndGlobalSection
	GlobalSection(SolutionProperties) = preSolution
		HideSolutionNode = FALSE
	EndGlobalSection
	GlobalSection(ExtensibilityGlobals) = postSolution
		SolutionGuid = {2BD2C9A6-D6C6-410A-A822-1A8EE250AB2A}
	EndGlobalSection
EndGlobal
